
Microsoft Visual Studio Solution File, Format Version 12.00
Project("{FAE04EC0-301F-11D3-BF4B-00C04F79EFBC}") = "hackerank1", "hackerank1\hackerank1.csproj", "{A0459420-22ED-4B89-BDD7-3AA78FA89CA8}"
EndProject
Project("{FAE04EC0-301F-11D3-BF4B-00C04F79EFBC}") = "hackerank7", "hackerank7\hackerank7.csproj", "{B806986E-B54B-4982-8E51-A23BC09CE47C}"
EndProject
Project("{FAE04EC0-301F-11D3-BF4B-00C04F79EFBC}") = "hackerank10", "hackerank10\hackerank10.csproj", "{5934B62C-2A56-4A21-938C-8135E15BF045}"
EndProject
Project("{FAE04EC0-301F-11D3-BF4B-00C04F79EFBC}") = "hakerank9", "hakerank9\hakerank9.csproj", "{33E6C4BC-0569-4E21-827A-E6D12D0A7BF0}"
EndProject
Project("{FAE04EC0-301F-11D3-BF4B-00C04F79EFBC}") = "hackerank8", "hackerank8\hackerank8.csproj", "{5F133B40-F4C0-4B38-A87D-EC1F1A88B868}"
EndProject
Project("{FAE04EC0-301F-11D3-BF4B-00C04F79EFBC}") = "hackerank12-2", "hackerank12-2\hackerank12-2.csproj", "{713C9674-56CC-4E7E-B36B-F16899436BC2}"
EndProject
Project("{FAE04EC0-301F-11D3-BF4B-00C04F79EFBC}") = "hackerank13", "hackerank13\hackerank13.csproj", "{6F53C40E-95E2-4AA2-9F14-66CB99401CA0}"
EndProject
Project("{FAE04EC0-301F-11D3-BF4B-00C04F79EFBC}") = "hackerank14", "hackerank14\hackerank14.csproj", "{1DCC5860-DB26-4B3A-954D-0A85DB752ACC}"
EndProject
Project("{FAE04EC0-301F-11D3-BF4B-00C04F79EFBC}") = "hackerank18", "hackerank18\hackerank18.csproj", "{BA0C2544-BEC8-4ACA-88E9-7B42B898C975}"
EndProject
Project("{FAE04EC0-301F-11D3-BF4B-00C04F79EFBC}") = "hackerank16-2", "hackerank16-2\hackerank16-2.csproj", "{5867085F-B697-4DC6-8B10-B5F19DB91761}"
EndProject
Project("{FAE04EC0-301F-11D3-BF4B-00C04F79EFBC}") = "hackerank2", "hackerank2\hackerank2.csproj", "{B4DB765A-E716-40F6-848A-D2EED7CE2AB3}"
EndProject
Project("{FAE04EC0-301F-11D3-BF4B-00C04F79EFBC}") = "hackerank3", "hackerank3\hackerank3.csproj", "{A0451C62-44E2-413B-BEC1-366400B93354}"
EndProject
Project("{FAE04EC0-301F-11D3-BF4B-00C04F79EFBC}") = "hackerank4", "hackerank4\hackerank4.csproj", "{2012FD39-2404-489E-A664-B997295C8D3B}"
EndProject
Project("{FAE04EC0-301F-11D3-BF4B-00C04F79EFBC}") = "hackerank5", "hackerank5\hackerank5.csproj", "{983193CA-0CCD-4B29-8D12-4D7ABD2B350C}"
EndProject
Project("{FAE04EC0-301F-11D3-BF4B-00C04F79EFBC}") = "hackerankday6", "hackerankday6\hackerankday6.csproj", "{B133298C-EC5B-4183-A4B4-5E7E32A0E967}"
EndProject
Project("{FAE04EC0-301F-11D3-BF4B-00C04F79EFBC}") = "hackerank11", "hackerank11\hackerank11.csproj", "{19D1C13A-70B7-432F-99DE-6609F685A997}"
EndProject
Project("{FAE04EC0-301F-11D3-BF4B-00C04F79EFBC}") = "hackerank17", "hackerank17\hackerank17.csproj", "{198B4B38-13B0-4B1A-A673-A69DC812BFBE}"
EndProject
Project("{FAE04EC0-301F-11D3-BF4B-00C04F79EFBC}") = "hackerank19", "hackerank19\hackerank19.csproj", "{3000DC81-3C6B-4EA4-87E0-C673F2860DF9}"
EndProject
Project("{FAE04EC0-301F-11D3-BF4B-00C04F79EFBC}") = "hackerank20", "hackerank20\hackerank20.csproj", "{9AAD72DB-4494-47E4-AE31-26547369B920}"
EndProject
Project("{FAE04EC0-301F-11D3-BF4B-00C04F79EFBC}") = "hackerank24", "hackerank24\hackerank24.csproj", "{74377D2C-AF1E-4EC8-983E-9D4E2F20142C}"
EndProject
Project("{FAE04EC0-301F-11D3-BF4B-00C04F79EFBC}") = "hackerank21", "hackerank21\hackerank21.csproj", "{786E22ED-218B-4E8F-B5CB-5BE111DE6A54}"
EndProject
Project("{FAE04EC0-301F-11D3-BF4B-00C04F79EFBC}") = "hackerank22", "hackerank22\hackerank22.csproj", "{AAF1D2A8-DDDC-4CBB-A07B-B52365CFB7FE}"
EndProject
Project("{FAE04EC0-301F-11D3-BF4B-00C04F79EFBC}") = "hackerank15", "hackerank15\hackerank15.csproj", "{9C3D3EF9-4F90-43DA-B151-56B1BC827AA7}"
EndProject
Project("{FAE04EC0-301F-11D3-BF4B-00C04F79EFBC}") = "hackerank26", "hackerank26\hackerank26.csproj", "{762C2E5C-4451-4D51-9BAE-AEF6F24F2CAD}"
EndProject
Project("{FAE04EC0-301F-11D3-BF4B-00C04F79EFBC}") = "hackerank25", "hackerank25\hackerank25.csproj", "{459FE996-AE92-4BED-9AC7-04DA19EBBA78}"
EndProject
Project("{FAE04EC0-301F-11D3-BF4B-00C04F79EFBC}") = "hackerank28", "hackerank28\hackerank28.csproj", "{0A7B091B-514D-4F2E-BF49-D96E8D2E5B7A}"
EndProject
Global
	GlobalSection(SolutionConfigurationPlatforms) = preSolution
		Debug|Any CPU = Debug|Any CPU
		Release|Any CPU = Release|Any CPU
	EndGlobalSection
	GlobalSection(ProjectConfigurationPlatforms) = postSolution
		{A0459420-22ED-4B89-BDD7-3AA78FA89CA8}.Debug|Any CPU.ActiveCfg = Debug|Any CPU
		{A0459420-22ED-4B89-BDD7-3AA78FA89CA8}.Debug|Any CPU.Build.0 = Debug|Any CPU
		{A0459420-22ED-4B89-BDD7-3AA78FA89CA8}.Release|Any CPU.ActiveCfg = Release|Any CPU
		{A0459420-22ED-4B89-BDD7-3AA78FA89CA8}.Release|Any CPU.Build.0 = Release|Any CPU
		{B806986E-B54B-4982-8E51-A23BC09CE47C}.Debug|Any CPU.ActiveCfg = Debug|Any CPU
		{B806986E-B54B-4982-8E51-A23BC09CE47C}.Debug|Any CPU.Build.0 = Debug|Any CPU
		{B806986E-B54B-4982-8E51-A23BC09CE47C}.Release|Any CPU.ActiveCfg = Release|Any CPU
		{B806986E-B54B-4982-8E51-A23BC09CE47C}.Release|Any CPU.Build.0 = Release|Any CPU
		{5934B62C-2A56-4A21-938C-8135E15BF045}.Debug|Any CPU.ActiveCfg = Debug|Any CPU
		{5934B62C-2A56-4A21-938C-8135E15BF045}.Debug|Any CPU.Build.0 = Debug|Any CPU
		{5934B62C-2A56-4A21-938C-8135E15BF045}.Release|Any CPU.ActiveCfg = Release|Any CPU
		{5934B62C-2A56-4A21-938C-8135E15BF045}.Release|Any CPU.Build.0 = Release|Any CPU
		{33E6C4BC-0569-4E21-827A-E6D12D0A7BF0}.Debug|Any CPU.ActiveCfg = Debug|Any CPU
		{33E6C4BC-0569-4E21-827A-E6D12D0A7BF0}.Debug|Any CPU.Build.0 = Debug|Any CPU
		{33E6C4BC-0569-4E21-827A-E6D12D0A7BF0}.Release|Any CPU.ActiveCfg = Release|Any CPU
		{33E6C4BC-0569-4E21-827A-E6D12D0A7BF0}.Release|Any CPU.Build.0 = Release|Any CPU
		{5F133B40-F4C0-4B38-A87D-EC1F1A88B868}.Debug|Any CPU.ActiveCfg = Debug|Any CPU
		{5F133B40-F4C0-4B38-A87D-EC1F1A88B868}.Debug|Any CPU.Build.0 = Debug|Any CPU
		{5F133B40-F4C0-4B38-A87D-EC1F1A88B868}.Release|Any CPU.ActiveCfg = Release|Any CPU
		{5F133B40-F4C0-4B38-A87D-EC1F1A88B868}.Release|Any CPU.Build.0 = Release|Any CPU
		{713C9674-56CC-4E7E-B36B-F16899436BC2}.Debug|Any CPU.ActiveCfg = Debug|Any CPU
		{713C9674-56CC-4E7E-B36B-F16899436BC2}.Debug|Any CPU.Build.0 = Debug|Any CPU
		{713C9674-56CC-4E7E-B36B-F16899436BC2}.Release|Any CPU.ActiveCfg = Release|Any CPU
		{713C9674-56CC-4E7E-B36B-F16899436BC2}.Release|Any CPU.Build.0 = Release|Any CPU
		{6F53C40E-95E2-4AA2-9F14-66CB99401CA0}.Debug|Any CPU.ActiveCfg = Debug|Any CPU
		{6F53C40E-95E2-4AA2-9F14-66CB99401CA0}.Debug|Any CPU.Build.0 = Debug|Any CPU
		{6F53C40E-95E2-4AA2-9F14-66CB99401CA0}.Release|Any CPU.ActiveCfg = Release|Any CPU
		{6F53C40E-95E2-4AA2-9F14-66CB99401CA0}.Release|Any CPU.Build.0 = Release|Any CPU
		{1DCC5860-DB26-4B3A-954D-0A85DB752ACC}.Debug|Any CPU.ActiveCfg = Debug|Any CPU
		{1DCC5860-DB26-4B3A-954D-0A85DB752ACC}.Debug|Any CPU.Build.0 = Debug|Any CPU
		{1DCC5860-DB26-4B3A-954D-0A85DB752ACC}.Release|Any CPU.ActiveCfg = Release|Any CPU
		{1DCC5860-DB26-4B3A-954D-0A85DB752ACC}.Release|Any CPU.Build.0 = Release|Any CPU
		{BA0C2544-BEC8-4ACA-88E9-7B42B898C975}.Debug|Any CPU.ActiveCfg = Debug|Any CPU
		{BA0C2544-BEC8-4ACA-88E9-7B42B898C975}.Debug|Any CPU.Build.0 = Debug|Any CPU
		{BA0C2544-BEC8-4ACA-88E9-7B42B898C975}.Release|Any CPU.ActiveCfg = Release|Any CPU
		{BA0C2544-BEC8-4ACA-88E9-7B42B898C975}.Release|Any CPU.Build.0 = Release|Any CPU
		{5867085F-B697-4DC6-8B10-B5F19DB91761}.Debug|Any CPU.ActiveCfg = Debug|Any CPU
		{5867085F-B697-4DC6-8B10-B5F19DB91761}.Debug|Any CPU.Build.0 = Debug|Any CPU
		{5867085F-B697-4DC6-8B10-B5F19DB91761}.Release|Any CPU.ActiveCfg = Release|Any CPU
		{5867085F-B697-4DC6-8B10-B5F19DB91761}.Release|Any CPU.Build.0 = Release|Any CPU
		{B4DB765A-E716-40F6-848A-D2EED7CE2AB3}.Debug|Any CPU.ActiveCfg = Debug|Any CPU
		{B4DB765A-E716-40F6-848A-D2EED7CE2AB3}.Debug|Any CPU.Build.0 = Debug|Any CPU
		{B4DB765A-E716-40F6-848A-D2EED7CE2AB3}.Release|Any CPU.ActiveCfg = Release|Any CPU
		{B4DB765A-E716-40F6-848A-D2EED7CE2AB3}.Release|Any CPU.Build.0 = Release|Any CPU
		{A0451C62-44E2-413B-BEC1-366400B93354}.Debug|Any CPU.ActiveCfg = Debug|Any CPU
		{A0451C62-44E2-413B-BEC1-366400B93354}.Debug|Any CPU.Build.0 = Debug|Any CPU
		{A0451C62-44E2-413B-BEC1-366400B93354}.Release|Any CPU.ActiveCfg = Release|Any CPU
		{A0451C62-44E2-413B-BEC1-366400B93354}.Release|Any CPU.Build.0 = Release|Any CPU
		{2012FD39-2404-489E-A664-B997295C8D3B}.Debug|Any CPU.ActiveCfg = Debug|Any CPU
		{2012FD39-2404-489E-A664-B997295C8D3B}.Debug|Any CPU.Build.0 = Debug|Any CPU
		{2012FD39-2404-489E-A664-B997295C8D3B}.Release|Any CPU.ActiveCfg = Release|Any CPU
		{2012FD39-2404-489E-A664-B997295C8D3B}.Release|Any CPU.Build.0 = Release|Any CPU
		{983193CA-0CCD-4B29-8D12-4D7ABD2B350C}.Debug|Any CPU.ActiveCfg = Debug|Any CPU
		{983193CA-0CCD-4B29-8D12-4D7ABD2B350C}.Debug|Any CPU.Build.0 = Debug|Any CPU
		{983193CA-0CCD-4B29-8D12-4D7ABD2B350C}.Release|Any CPU.ActiveCfg = Release|Any CPU
		{983193CA-0CCD-4B29-8D12-4D7ABD2B350C}.Release|Any CPU.Build.0 = Release|Any CPU
		{B133298C-EC5B-4183-A4B4-5E7E32A0E967}.Debug|Any CPU.ActiveCfg = Debug|Any CPU
		{B133298C-EC5B-4183-A4B4-5E7E32A0E967}.Debug|Any CPU.Build.0 = Debug|Any CPU
		{B133298C-EC5B-4183-A4B4-5E7E32A0E967}.Release|Any CPU.ActiveCfg = Release|Any CPU
		{B133298C-EC5B-4183-A4B4-5E7E32A0E967}.Release|Any CPU.Build.0 = Release|Any CPU
		{19D1C13A-70B7-432F-99DE-6609F685A997}.Debug|Any CPU.ActiveCfg = Debug|Any CPU
		{19D1C13A-70B7-432F-99DE-6609F685A997}.Debug|Any CPU.Build.0 = Debug|Any CPU
		{19D1C13A-70B7-432F-99DE-6609F685A997}.Release|Any CPU.ActiveCfg = Release|Any CPU
		{19D1C13A-70B7-432F-99DE-6609F685A997}.Release|Any CPU.Build.0 = Release|Any CPU
		{198B4B38-13B0-4B1A-A673-A69DC812BFBE}.Debug|Any CPU.ActiveCfg = Debug|Any CPU
		{198B4B38-13B0-4B1A-A673-A69DC812BFBE}.Debug|Any CPU.Build.0 = Debug|Any CPU
		{198B4B38-13B0-4B1A-A673-A69DC812BFBE}.Release|Any CPU.ActiveCfg = Release|Any CPU
		{198B4B38-13B0-4B1A-A673-A69DC812BFBE}.Release|Any CPU.Build.0 = Release|Any CPU
		{3000DC81-3C6B-4EA4-87E0-C673F2860DF9}.Debug|Any CPU.ActiveCfg = Debug|Any CPU
		{3000DC81-3C6B-4EA4-87E0-C673F2860DF9}.Debug|Any CPU.Build.0 = Debug|Any CPU
		{3000DC81-3C6B-4EA4-87E0-C673F2860DF9}.Release|Any CPU.ActiveCfg = Release|Any CPU
		{3000DC81-3C6B-4EA4-87E0-C673F2860DF9}.Release|Any CPU.Build.0 = Release|Any CPU
		{9AAD72DB-4494-47E4-AE31-26547369B920}.Debug|Any CPU.ActiveCfg = Debug|Any CPU
		{9AAD72DB-4494-47E4-AE31-26547369B920}.Debug|Any CPU.Build.0 = Debug|Any CPU
		{9AAD72DB-4494-47E4-AE31-26547369B920}.Release|Any CPU.ActiveCfg = Release|Any CPU
		{9AAD72DB-4494-47E4-AE31-26547369B920}.Release|Any CPU.Build.0 = Release|Any CPU
		{74377D2C-AF1E-4EC8-983E-9D4E2F20142C}.Debug|Any CPU.ActiveCfg = Debug|Any CPU
		{74377D2C-AF1E-4EC8-983E-9D4E2F20142C}.Debug|Any CPU.Build.0 = Debug|Any CPU
		{74377D2C-AF1E-4EC8-983E-9D4E2F20142C}.Release|Any CPU.ActiveCfg = Release|Any CPU
		{74377D2C-AF1E-4EC8-983E-9D4E2F20142C}.Release|Any CPU.Build.0 = Release|Any CPU
		{786E22ED-218B-4E8F-B5CB-5BE111DE6A54}.Debug|Any CPU.ActiveCfg = Debug|Any CPU
		{786E22ED-218B-4E8F-B5CB-5BE111DE6A54}.Debug|Any CPU.Build.0 = Debug|Any CPU
		{786E22ED-218B-4E8F-B5CB-5BE111DE6A54}.Release|Any CPU.ActiveCfg = Release|Any CPU
		{786E22ED-218B-4E8F-B5CB-5BE111DE6A54}.Release|Any CPU.Build.0 = Release|Any CPU
		{AAF1D2A8-DDDC-4CBB-A07B-B52365CFB7FE}.Debug|Any CPU.ActiveCfg = Debug|Any CPU
		{AAF1D2A8-DDDC-4CBB-A07B-B52365CFB7FE}.Debug|Any CPU.Build.0 = Debug|Any CPU
		{AAF1D2A8-DDDC-4CBB-A07B-B52365CFB7FE}.Release|Any CPU.ActiveCfg = Release|Any CPU
		{AAF1D2A8-DDDC-4CBB-A07B-B52365CFB7FE}.Release|Any CPU.Build.0 = Release|Any CPU
		{9C3D3EF9-4F90-43DA-B151-56B1BC827AA7}.Debug|Any CPU.ActiveCfg = Debug|Any CPU
		{9C3D3EF9-4F90-43DA-B151-56B1BC827AA7}.Debug|Any CPU.Build.0 = Debug|Any CPU
		{9C3D3EF9-4F90-43DA-B151-56B1BC827AA7}.Release|Any CPU.ActiveCfg = Release|Any CPU
		{9C3D3EF9-4F90-43DA-B151-56B1BC827AA7}.Release|Any CPU.Build.0 = Release|Any CPU
		{762C2E5C-4451-4D51-9BAE-AEF6F24F2CAD}.Debug|Any CPU.ActiveCfg = Debug|Any CPU
		{762C2E5C-4451-4D51-9BAE-AEF6F24F2CAD}.Debug|Any CPU.Build.0 = Debug|Any CPU
		{762C2E5C-4451-4D51-9BAE-AEF6F24F2CAD}.Release|Any CPU.ActiveCfg = Release|Any CPU
		{762C2E5C-4451-4D51-9BAE-AEF6F24F2CAD}.Release|Any CPU.Build.0 = Release|Any CPU
		{459FE996-AE92-4BED-9AC7-04DA19EBBA78}.Debug|Any CPU.ActiveCfg = Debug|Any CPU
		{459FE996-AE92-4BED-9AC7-04DA19EBBA78}.Debug|Any CPU.Build.0 = Debug|Any CPU
		{459FE996-AE92-4BED-9AC7-04DA19EBBA78}.Release|Any CPU.ActiveCfg = Release|Any CPU
		{459FE996-AE92-4BED-9AC7-04DA19EBBA78}.Release|Any CPU.Build.0 = Release|Any CPU
		{0A7B091B-514D-4F2E-BF49-D96E8D2E5B7A}.Debug|Any CPU.ActiveCfg = Debug|Any CPU
		{0A7B091B-514D-4F2E-BF49-D96E8D2E5B7A}.Debug|Any CPU.Build.0 = Debug|Any CPU
		{0A7B091B-514D-4F2E-BF49-D96E8D2E5B7A}.Release|Any CPU.ActiveCfg = Release|Any CPU
		{0A7B091B-514D-4F2E-BF49-D96E8D2E5B7A}.Release|Any CPU.Build.0 = Release|Any CPU
	EndGlobalSection
EndGlobal
